{
  "version": 4,
  "terraform_version": "0.15.3",
  "serial": 6,
  "lineage": "46afcc07-dee6-a13b-8eb7-2c1c82ad7772",
  "outputs": {},
  "resources": [
    {
      "mode": "managed",
      "type": "azurerm_network_ddos_protection_plan",
      "name": "DDOS_Plan",
      "provider": "provider[\"registry.terraform.io/hashicorp/azurerm\"]",
      "instances": [
        {
          "schema_version": 0,
          "attributes": {
            "id": "/subscriptions/0554e796-34f6-4e1f-8868-d2bce253cfc7/resourceGroups/Resource_1/providers/Microsoft.Network/ddosProtectionPlans/DDOS_Plan_1",
            "location": "westeurope",
            "name": "DDOS_Plan_1",
            "resource_group_name": "Resource_1",
            "tags": null,
            "timeouts": null,
            "virtual_network_ids": []
          },
          "sensitive_attributes": [],
          "private": "eyJlMmJmYjczMC1lY2FhLTExZTYtOGY4OC0zNDM2M2JjN2M0YzAiOnsiY3JlYXRlIjoxODAwMDAwMDAwMDAwLCJkZWxldGUiOjE4MDAwMDAwMDAwMDAsInJlYWQiOjMwMDAwMDAwMDAwMCwidXBkYXRlIjoxODAwMDAwMDAwMDAwfX0=",
          "dependencies": [
            "azurerm_resource_group.resource_1"
          ]
        }
      ]
    },
    {
      "mode": "managed",
      "type": "azurerm_network_security_group",
      "name": "NSG",
      "provider": "provider[\"registry.terraform.io/hashicorp/azurerm\"]",
      "instances": [
        {
          "schema_version": 0,
          "attributes": {
            "id": "/subscriptions/0554e796-34f6-4e1f-8868-d2bce253cfc7/resourceGroups/Resource_1/providers/Microsoft.Network/networkSecurityGroups/acceptanceTestSecurityGroup1",
            "location": "westeurope",
            "name": "acceptanceTestSecurityGroup1",
            "resource_group_name": "Resource_1",
            "security_rule": [],
            "tags": null,
            "timeouts": null
          },
          "sensitive_attributes": [],
          "private": "eyJlMmJmYjczMC1lY2FhLTExZTYtOGY4OC0zNDM2M2JjN2M0YzAiOnsiY3JlYXRlIjoxODAwMDAwMDAwMDAwLCJkZWxldGUiOjE4MDAwMDAwMDAwMDAsInJlYWQiOjMwMDAwMDAwMDAwMCwidXBkYXRlIjoxODAwMDAwMDAwMDAwfX0=",
          "dependencies": [
            "azurerm_resource_group.resource_1"
          ]
        }
      ]
    },
    {
      "mode": "managed",
      "type": "azurerm_resource_group",
      "name": "resource_1",
      "provider": "provider[\"registry.terraform.io/hashicorp/azurerm\"]",
      "instances": [
        {
          "schema_version": 0,
          "attributes": {
            "id": "/subscriptions/0554e796-34f6-4e1f-8868-d2bce253cfc7/resourceGroups/Resource_1",
            "location": "westeurope",
            "name": "Resource_1",
            "tags": null,
            "timeouts": null
          },
          "sensitive_attributes": [],
          "private": "eyJlMmJmYjczMC1lY2FhLTExZTYtOGY4OC0zNDM2M2JjN2M0YzAiOnsiY3JlYXRlIjo1NDAwMDAwMDAwMDAwLCJkZWxldGUiOjU0MDAwMDAwMDAwMDAsInJlYWQiOjMwMDAwMDAwMDAwMCwidXBkYXRlIjo1NDAwMDAwMDAwMDAwfX0="
        }
      ]
    },
    {
      "mode": "managed",
      "type": "azurerm_virtual_network",
      "name": "example",
      "provider": "provider[\"registry.terraform.io/hashicorp/azurerm\"]",
      "instances": [
        {
          "schema_version": 0,
          "attributes": {
            "address_space": [
              "10.0.0.0/16"
            ],
            "bgp_community": "",
            "ddos_protection_plan": [
              {
                "enable": true,
                "id": "/subscriptions/0554e796-34f6-4e1f-8868-d2bce253cfc7/resourceGroups/Resource_1/providers/Microsoft.Network/ddosProtectionPlans/DDOS_Plan_1"
              }
            ],
            "dns_servers": [
              "10.0.0.4",
              "10.0.0.5"
            ],
            "guid": "0ca5b315-7160-4103-a5c7-ed002e133b63",
            "id": "/subscriptions/0554e796-34f6-4e1f-8868-d2bce253cfc7/resourceGroups/Resource_1/providers/Microsoft.Network/virtualNetworks/virtualNetwork1",
            "location": "westeurope",
            "name": "virtualNetwork1",
            "resource_group_name": "Resource_1",
            "subnet": [
              {
                "address_prefix": "10.0.1.0/24",
                "id": "/subscriptions/0554e796-34f6-4e1f-8868-d2bce253cfc7/resourceGroups/Resource_1/providers/Microsoft.Network/virtualNetworks/virtualNetwork1/subnets/subnet1",
                "name": "subnet1",
                "security_group": ""
              },
              {
                "address_prefix": "10.0.2.0/24",
                "id": "/subscriptions/0554e796-34f6-4e1f-8868-d2bce253cfc7/resourceGroups/Resource_1/providers/Microsoft.Network/virtualNetworks/virtualNetwork1/subnets/subnet2",
                "name": "subnet2",
                "security_group": ""
              },
              {
                "address_prefix": "10.0.3.0/24",
                "id": "/subscriptions/0554e796-34f6-4e1f-8868-d2bce253cfc7/resourceGroups/Resource_1/providers/Microsoft.Network/virtualNetworks/virtualNetwork1/subnets/subnet3",
                "name": "subnet3",
                "security_group": "/subscriptions/0554e796-34f6-4e1f-8868-d2bce253cfc7/resourceGroups/Resource_1/providers/Microsoft.Network/networkSecurityGroups/acceptanceTestSecurityGroup1"
              }
            ],
            "tags": {
              "environment": "Production"
            },
            "timeouts": null,
            "vm_protection_enabled": false
          },
          "sensitive_attributes": [],
          "private": "eyJlMmJmYjczMC1lY2FhLTExZTYtOGY4OC0zNDM2M2JjN2M0YzAiOnsiY3JlYXRlIjoxODAwMDAwMDAwMDAwLCJkZWxldGUiOjE4MDAwMDAwMDAwMDAsInJlYWQiOjMwMDAwMDAwMDAwMCwidXBkYXRlIjoxODAwMDAwMDAwMDAwfX0=",
          "dependencies": [
            "azurerm_network_ddos_protection_plan.DDOS_Plan",
            "azurerm_network_security_group.NSG",
            "azurerm_resource_group.resource_1"
          ]
        }
      ]
    }
  ]
}
